{
  "name": "riddle-web-launch",
  "version": "1.0.0",
  "lockfileVersion": 3,
  "requires": true,
  "packages": {
    "": {
      "name": "riddle-web-launch",
      "version": "1.0.0",
      "dependencies": {
        "signature_pad": "^5.1.3"
      },
      "engines": {
        "node": ">=20"
      }
    },
    "node_modules/signature_pad": {
      "version": "5.1.3",
      "resolved": "https://registry.npmjs.org/signature_pad/-/signature_pad-5.1.3.tgz",
      "integrity": "sha512-zyxW5vuJVnQdGcU+kAj9FYl7WaAunY3kA5S7mPg0xJiujL9+sPAWfSQHS5tXaJXDUa4FuZeKhfdCDQ6K3wfkpQ==",
      "license": "MIT"
    }
  }
}
